# THIS IS AN AUTOGENERATED FILE. DO NOT EDIT THIS FILE DIRECTLY.
# yarn lockfile v1


commander@^2.9.0:
  version "2.12.2"
  resolved "https://registry.yarnpkg.com/commander/-/commander-2.12.2.tgz#0f5946c427ed9ec0d91a46bb9def53e54650e555"

cross-spawn@5.1.0, cross-spawn@^5.1.0:
  version "5.1.0"
  resolved "https://registry.yarnpkg.com/cross-spawn/-/cross-spawn-5.1.0.tgz#e8bd0efee58fcff6f8f94510a0a554bbfa235449"
  dependencies:
    lru-cache "^4.0.1"
    shebang-command "^1.2.0"
    which "^1.2.9"

graphql-boilerplate-install@0.1.8:
  version "0.1.8"
  resolved "https://registry.yarnpkg.com/graphql-boilerplate-install/-/graphql-boilerplate-install-0.1.8.tgz#7d71b3f5908d968aaa77c524765cc1b4d7bec348"
  dependencies:
    cross-spawn "5.1.0"
    npm-run "4.1.2"

isexe@^2.0.0:
  version "2.0.0"
  resolved "https://registry.yarnpkg.com/isexe/-/isexe-2.0.0.tgz#e8fbf374dc556ff8947a10dcb0572d633f2cfa10"

lru-cache@^4.0.1:
  version "4.1.1"
  resolved "https://registry.yarnpkg.com/lru-cache/-/lru-cache-4.1.1.tgz#622e32e82488b49279114a4f9ecf45e7cd6bba55"
  dependencies:
    pseudomap "^1.0.2"
    yallist "^2.1.2"

minimist@^1.2.0:
  version "1.2.0"
  resolved "https://registry.yarnpkg.com/minimist/-/minimist-1.2.0.tgz#a35008b20f41383eec1fb914f4cd5df79a264284"

npm-path@^2.0.2, npm-path@^2.0.3:
  version "2.0.4"
  resolved "https://registry.yarnpkg.com/npm-path/-/npm-path-2.0.4.tgz#c641347a5ff9d6a09e4d9bce5580c4f505278e64"
  dependencies:
    which "^1.2.10"

npm-run@4.1.2:
  version "4.1.2"
  resolved "https://registry.yarnpkg.com/npm-run/-/npm-run-4.1.2.tgz#1030e1ec56908c89fcc3fa366d03a2c2ba98eb99"
  dependencies:
    cross-spawn "^5.1.0"
    minimist "^1.2.0"
    npm-path "^2.0.3"
    npm-which "^3.0.1"
    serializerr "^1.0.3"
    sync-exec "^0.6.2"

npm-which@^3.0.1:
  version "3.0.1"
  resolved "https://registry.yarnpkg.com/npm-which/-/npm-which-3.0.1.tgz#9225f26ec3a285c209cae67c3b11a6b4ab7140aa"
  dependencies:
    commander "^2.9.0"
    npm-path "^2.0.2"
    which "^1.2.10"

protochain@^1.0.5:
  version "1.0.5"
  resolved "https://registry.yarnpkg.com/protochain/-/protochain-1.0.5.tgz#991c407e99de264aadf8f81504b5e7faf7bfa260"

pseudomap@^1.0.2:
  version "1.0.2"
  resolved "https://registry.yarnpkg.com/pseudomap/-/pseudomap-1.0.2.tgz#f052a28da70e618917ef0a8ac34c1ae5a68286b3"

serializerr@^1.0.3:
  version "1.0.3"
  resolved "https://registry.yarnpkg.com/serializerr/-/serializerr-1.0.3.tgz#12d4c5aa1c3ffb8f6d1dc5f395aa9455569c3f91"
  dependencies:
    protochain "^1.0.5"

shebang-command@^1.2.0:
  version "1.2.0"
  resolved "https://registry.yarnpkg.com/shebang-command/-/shebang-command-1.2.0.tgz#44aac65b695b03398968c39f363fee5deafdf1ea"
  dependencies:
    shebang-regex "^1.0.0"

shebang-regex@^1.0.0:
  version "1.0.0"
  resolved "https://registry.yarnpkg.com/shebang-regex/-/shebang-regex-1.0.0.tgz#da42f49740c0b42db2ca9728571cb190c98efea3"

sync-exec@^0.6.2:
  version "0.6.2"
  resolved "https://registry.yarnpkg.com/sync-exec/-/sync-exec-0.6.2.tgz#717d22cc53f0ce1def5594362f3a89a2ebb91105"

which@^1.2.10, which@^1.2.9:
  version "1.3.0"
  resolved "https://registry.yarnpkg.com/which/-/which-1.3.0.tgz#ff04bdfc010ee547d780bec38e1ac1c2777d253a"
  dependencies:
    isexe "^2.0.0"

yallist@^2.1.2:
  version "2.1.2"
  resolved "https://registry.yarnpkg.com/yallist/-/yallist-2.1.2.tgz#1c11f9218f076089a47dd512f93c6699a6a81d52"
